
Microsoft Visual Studio Solution File, Format Version 12.00
# Visual Studio 15
Project("{FAE04EC0-301F-11D3-BF4B-00C04F79EFBC}") = "SteamVR", "SteamVR.csproj", "{AE931DA0-08C8-8D0B-1429-ED50003EF245}"
EndProject
Project("{FAE04EC0-301F-11D3-BF4B-00C04F79EFBC}") = "SteamVR_Actions", "SteamVR_Actions.csproj", "{117FD6CE-C27B-21ED-0F79-8A9B969A0AE6}"
EndProject
Project("{FAE04EC0-301F-11D3-BF4B-00C04F79EFBC}") = "Assembly-CSharp", "Assembly-CSharp.csproj", "{D44C0179-37C6-56DD-1F99-9E611317D42E}"
EndProject
Project("{FAE04EC0-301F-11D3-BF4B-00C04F79EFBC}") = "SteamVR_Editor", "SteamVR_Editor.csproj", "{D4E8217D-2C95-70BD-7562-F01C02E14534}"
EndProject
Project("{FAE04EC0-301F-11D3-BF4B-00C04F79EFBC}") = "SteamVR_Input_Editor", "SteamVR_Input_Editor.csproj", "{E537A668-2EE0-8E53-3086-C7D610156B86}"
EndProject
Project("{FAE04EC0-301F-11D3-BF4B-00C04F79EFBC}") = "SteamVR_Windows_EditorHelper", "SteamVR_Windows_EditorHelper.csproj", "{A5610B5C-4E25-4F55-BA53-3C781308B701}"
EndProject
Global
	GlobalSection(SolutionConfigurationPlatforms) = preSolution
		Debug|Any CPU = Debug|Any CPU
		Release|Any CPU = Release|Any CPU
	EndGlobalSection
	GlobalSection(ProjectConfigurationPlatforms) = postSolution
		{AE931DA0-08C8-8D0B-1429-ED50003EF245}.Debug|Any CPU.ActiveCfg = Debug|Any CPU
		{AE931DA0-08C8-8D0B-1429-ED50003EF245}.Debug|Any CPU.Build.0 = Debug|Any CPU
		{AE931DA0-08C8-8D0B-1429-ED50003EF245}.Release|Any CPU.ActiveCfg = Release|Any CPU
		{AE931DA0-08C8-8D0B-1429-ED50003EF245}.Release|Any CPU.Build.0 = Release|Any CPU
		{117FD6CE-C27B-21ED-0F79-8A9B969A0AE6}.Debug|Any CPU.ActiveCfg = Debug|Any CPU
		{117FD6CE-C27B-21ED-0F79-8A9B969A0AE6}.Debug|Any CPU.Build.0 = Debug|Any CPU
		{117FD6CE-C27B-21ED-0F79-8A9B969A0AE6}.Release|Any CPU.ActiveCfg = Release|Any CPU
		{117FD6CE-C27B-21ED-0F79-8A9B969A0AE6}.Release|Any CPU.Build.0 = Release|Any CPU
		{D44C0179-37C6-56DD-1F99-9E611317D42E}.Debug|Any CPU.ActiveCfg = Debug|Any CPU
		{D44C0179-37C6-56DD-1F99-9E611317D42E}.Debug|Any CPU.Build.0 = Debug|Any CPU
		{D44C0179-37C6-56DD-1F99-9E611317D42E}.Release|Any CPU.ActiveCfg = Release|Any CPU
		{D44C0179-37C6-56DD-1F99-9E611317D42E}.Release|Any CPU.Build.0 = Release|Any CPU
		{D4E8217D-2C95-70BD-7562-F01C02E14534}.Debug|Any CPU.ActiveCfg = Debug|Any CPU
		{D4E8217D-2C95-70BD-7562-F01C02E14534}.Debug|Any CPU.Build.0 = Debug|Any CPU
		{D4E8217D-2C95-70BD-7562-F01C02E14534}.Release|Any CPU.ActiveCfg = Release|Any CPU
		{D4E8217D-2C95-70BD-7562-F01C02E14534}.Release|Any CPU.Build.0 = Release|Any CPU
		{E537A668-2EE0-8E53-3086-C7D610156B86}.Debug|Any CPU.ActiveCfg = Debug|Any CPU
		{E537A668-2EE0-8E53-3086-C7D610156B86}.Debug|Any CPU.Build.0 = Debug|Any CPU
		{E537A668-2EE0-8E53-3086-C7D610156B86}.Release|Any CPU.ActiveCfg = Release|Any CPU
		{E537A668-2EE0-8E53-3086-C7D610156B86}.Release|Any CPU.Build.0 = Release|Any CPU
		{A5610B5C-4E25-4F55-BA53-3C781308B701}.Debug|Any CPU.ActiveCfg = Debug|Any CPU
		{A5610B5C-4E25-4F55-BA53-3C781308B701}.Debug|Any CPU.Build.0 = Debug|Any CPU
		{A5610B5C-4E25-4F55-BA53-3C781308B701}.Release|Any CPU.ActiveCfg = Release|Any CPU
		{A5610B5C-4E25-4F55-BA53-3C781308B701}.Release|Any CPU.Build.0 = Release|Any CPU
	EndGlobalSection
	GlobalSection(SolutionProperties) = preSolution
		HideSolutionNode = FALSE
	EndGlobalSection
EndGlobal
